
Microsoft Visual Studio Solution File, Format Version 12.00
# Visual Studio Version 16
VisualStudioVersion = 16.0.29728.190
MinimumVisualStudioVersion = 10.0.40219.1
Project("{9A19103F-16F7-4668-BE54-9A1E7A4F7556}") = "DevIO.Data", "src\src\DevIO.Data\DevIO.Data.csproj", "{6B6EBD80-2841-422C-BC1A-3571A1B0CEED}"
EndProject
Project("{9A19103F-16F7-4668-BE54-9A1E7A4F7556}") = "DevIO.Business", "src\src\DevIO.Business\DevIO.Business.csproj", "{7FD84668-AABF-4E63-8B0C-6C2140D37735}"
EndProject
Project("{9A19103F-16F7-4668-BE54-9A1E7A4F7556}") = "DevIO.Api", "src\DevIO.Api\DevIO.Api.csproj", "{82992E89-0CB2-4506-A7EC-3CFFA7EA6943}"
EndProject
Global
	GlobalSection(SolutionConfigurationPlatforms) = preSolution
		Debug|Any CPU = Debug|Any CPU
		Release|Any CPU = Release|Any CPU
	EndGlobalSection
	GlobalSection(ProjectConfigurationPlatforms) = postSolution
		{6B6EBD80-2841-422C-BC1A-3571A1B0CEED}.Debug|Any CPU.ActiveCfg = Debug|Any CPU
		{6B6EBD80-2841-422C-BC1A-3571A1B0CEED}.Debug|Any CPU.Build.0 = Debug|Any CPU
		{6B6EBD80-2841-422C-BC1A-3571A1B0CEED}.Release|Any CPU.ActiveCfg = Release|Any CPU
		{6B6EBD80-2841-422C-BC1A-3571A1B0CEED}.Release|Any CPU.Build.0 = Release|Any CPU
		{7FD84668-AABF-4E63-8B0C-6C2140D37735}.Debug|Any CPU.ActiveCfg = Debug|Any CPU
		{7FD84668-AABF-4E63-8B0C-6C2140D37735}.Debug|Any CPU.Build.0 = Debug|Any CPU
		{7FD84668-AABF-4E63-8B0C-6C2140D37735}.Release|Any CPU.ActiveCfg = Release|Any CPU
		{7FD84668-AABF-4E63-8B0C-6C2140D37735}.Release|Any CPU.Build.0 = Release|Any CPU
		{82992E89-0CB2-4506-A7EC-3CFFA7EA6943}.Debug|Any CPU.ActiveCfg = Debug|Any CPU
		{82992E89-0CB2-4506-A7EC-3CFFA7EA6943}.Debug|Any CPU.Build.0 = Debug|Any CPU
		{82992E89-0CB2-4506-A7EC-3CFFA7EA6943}.Release|Any CPU.ActiveCfg = Release|Any CPU
		{82992E89-0CB2-4506-A7EC-3CFFA7EA6943}.Release|Any CPU.Build.0 = Release|Any CPU
	EndGlobalSection
	GlobalSection(SolutionProperties) = preSolution
		HideSolutionNode = FALSE
	EndGlobalSection
	GlobalSection(ExtensibilityGlobals) = postSolution
		SolutionGuid = {0A176CFE-F025-4193-A9A9-65C1CFB098C6}
	EndGlobalSection
EndGlobal
